
Microsoft Visual Studio Solution File, Format Version 12.00
# Visual Studio Version 16
VisualStudioVersion = 16.0.30907.101
MinimumVisualStudioVersion = 10.0.40219.1
Project("{FAE04EC0-301F-11D3-BF4B-00C04F79EFBC}") = "Lucky ticket", "Lucky ticket\Lucky ticket.csproj", "{720819EB-430D-49C3-9DB9-B731C6CB539E}"
EndProject
Global
	GlobalSection(SolutionConfigurationPlatforms) = preSolution
		Debug|Any CPU = Debug|Any CPU
		Release|Any CPU = Release|Any CPU
	EndGlobalSection
	GlobalSection(ProjectConfigurationPlatforms) = postSolution
		{720819EB-430D-49C3-9DB9-B731C6CB539E}.Debug|Any CPU.ActiveCfg = Debug|Any CPU
		{720819EB-430D-49C3-9DB9-B731C6CB539E}.Debug|Any CPU.Build.0 = Debug|Any CPU
		{720819EB-430D-49C3-9DB9-B731C6CB539E}.Release|Any CPU.ActiveCfg = Release|Any CPU
		{720819EB-430D-49C3-9DB9-B731C6CB539E}.Release|Any CPU.Build.0 = Release|Any CPU
	EndGlobalSection
	GlobalSection(SolutionProperties) = preSolution
		HideSolutionNode = FALSE
	EndGlobalSection
	GlobalSection(ExtensibilityGlobals) = postSolution
		SolutionGuid = {310CE1CA-CADD-46FA-95E1-B4C008267AA2}
	EndGlobalSection
EndGlobal
